
Microsoft Visual Studio Solution File, Format Version 12.00
# Visual Studio Version 16
VisualStudioVersion = 16.0.30804.86
MinimumVisualStudioVersion = 10.0.40219.1
Project("{FAE04EC0-301F-11D3-BF4B-00C04F79EFBC}") = "FastFoodChain", "FastFoodChain\FastFoodChain.csproj", "{63AD268E-7D19-4EDF-AC38-3C9D0BC7DEC9}"
EndProject
Global
	GlobalSection(SolutionConfigurationPlatforms) = preSolution
		Debug|Any CPU = Debug|Any CPU
		Release|Any CPU = Release|Any CPU
	EndGlobalSection
	GlobalSection(ProjectConfigurationPlatforms) = postSolution
		{63AD268E-7D19-4EDF-AC38-3C9D0BC7DEC9}.Debug|Any CPU.ActiveCfg = Debug|Any CPU
		{63AD268E-7D19-4EDF-AC38-3C9D0BC7DEC9}.Debug|Any CPU.Build.0 = Debug|Any CPU
		{63AD268E-7D19-4EDF-AC38-3C9D0BC7DEC9}.Release|Any CPU.ActiveCfg = Release|Any CPU
		{63AD268E-7D19-4EDF-AC38-3C9D0BC7DEC9}.Release|Any CPU.Build.0 = Release|Any CPU
	EndGlobalSection
	GlobalSection(SolutionProperties) = preSolution
		HideSolutionNode = FALSE
	EndGlobalSection
	GlobalSection(ExtensibilityGlobals) = postSolution
		SolutionGuid = {583A2D0F-3A0C-402D-A6DE-1988989EE339}
	EndGlobalSection
EndGlobal
