
Microsoft Visual Studio Solution File, Format Version 12.00
# Visual Studio Version 16
VisualStudioVersion = 16.0.30907.101
MinimumVisualStudioVersion = 10.0.40219.1
Project("{FAE04EC0-301F-11D3-BF4B-00C04F79EFBC}") = "WpfGameOfLife", "WpfGameOfLife\WpfGameOfLife.csproj", "{51ACAD4D-44C5-4E24-BD42-D4F0727CF447}"
EndProject
Global
	GlobalSection(SolutionConfigurationPlatforms) = preSolution
		Debug|Any CPU = Debug|Any CPU
		Release|Any CPU = Release|Any CPU
	EndGlobalSection
	GlobalSection(ProjectConfigurationPlatforms) = postSolution
		{51ACAD4D-44C5-4E24-BD42-D4F0727CF447}.Debug|Any CPU.ActiveCfg = Debug|Any CPU
		{51ACAD4D-44C5-4E24-BD42-D4F0727CF447}.Debug|Any CPU.Build.0 = Debug|Any CPU
		{51ACAD4D-44C5-4E24-BD42-D4F0727CF447}.Release|Any CPU.ActiveCfg = Release|Any CPU
		{51ACAD4D-44C5-4E24-BD42-D4F0727CF447}.Release|Any CPU.Build.0 = Release|Any CPU
	EndGlobalSection
	GlobalSection(SolutionProperties) = preSolution
		HideSolutionNode = FALSE
	EndGlobalSection
	GlobalSection(ExtensibilityGlobals) = postSolution
		SolutionGuid = {3631C350-AD01-4A58-8C6B-549A77FEAD20}
	EndGlobalSection
EndGlobal
